
Microsoft Visual Studio Solution File, Format Version 12.00
# Visual Studio Version 16
VisualStudioVersion = 16.0.31019.35
MinimumVisualStudioVersion = 10.0.40219.1
Project("{FAE04EC0-301F-11D3-BF4B-00C04F79EFBC}") = "DragAndDrop", "DragAndDrop\DragAndDrop.csproj", "{4656B1BA-4748-4D2A-AAD5-21E99EBB6308}"
EndProject
Global
	GlobalSection(SolutionConfigurationPlatforms) = preSolution
		Debug|Any CPU = Debug|Any CPU
		Release|Any CPU = Release|Any CPU
	EndGlobalSection
	GlobalSection(ProjectConfigurationPlatforms) = postSolution
		{4656B1BA-4748-4D2A-AAD5-21E99EBB6308}.Debug|Any CPU.ActiveCfg = Debug|Any CPU
		{4656B1BA-4748-4D2A-AAD5-21E99EBB6308}.Debug|Any CPU.Build.0 = Debug|Any CPU
		{4656B1BA-4748-4D2A-AAD5-21E99EBB6308}.Release|Any CPU.ActiveCfg = Release|Any CPU
		{4656B1BA-4748-4D2A-AAD5-21E99EBB6308}.Release|Any CPU.Build.0 = Release|Any CPU
	EndGlobalSection
	GlobalSection(SolutionProperties) = preSolution
		HideSolutionNode = FALSE
	EndGlobalSection
	GlobalSection(ExtensibilityGlobals) = postSolution
		SolutionGuid = {983F2362-4B8D-4771-AFAB-54C3ABA8CE73}
	EndGlobalSection
EndGlobal
